// !$*UTF8*$!
{
	archiveVersion = 1;
	classes = {
	};
	objectVersion = 46;
	objects = {

/* Begin PBXBuildFile section */
		47F167D11CA4FC9E006409C2 /* main.cpp in Sources */ = {isa = PBXBuildFile; fileRef = 47F167D01CA4FC9E006409C2 /* main.cpp */; };
/* End PBXBuildFile section */

/* Begin PBXCopyFilesBuildPhase section */
		47F167CB1CA4FC9E006409C2 /* CopyFiles */ = {
			isa = PBXCopyFilesBuildPhase;
			buildActionMask = 2147483647;
			dstPath = /usr/share/man/man1/;
			dstSubfolderSpec = 0;
			files = (
			);
			runOnlyForDeploymentPostprocessing = 1;
		};
/* End PBXCopyFilesBuildPhase section */

/* Begin PBXFileReference section */
		479E40701CACE677000C02BA /* EngineFlatter.h */ = {isa = PBXFileReference; lastKnownFileType = sourcecode.c.h; path = EngineFlatter.h; sourceTree = "<group>"; };
		479E40AA1CBC76A4000C02BA /* PartialPermutation.h */ = {isa = PBXFileReference; lastKnownFileType = sourcecode.c.h; path = PartialPermutation.h; sourceTree = "<group>"; };
		479E40AB1CBC8123000C02BA /* RecursiveOffsetMap.h */ = {isa = PBXFileReference; lastKnownFileType = sourcecode.c.h; path = RecursiveOffsetMap.h; sourceTree = "<group>"; };
		479E40AC1CBC816C000C02BA /* RecursiveMask.h */ = {isa = PBXFileReference; lastKnownFileType = sourcecode.c.h; path = RecursiveMask.h; sourceTree = "<group>"; };
		479E40AD1CBCEAB1000C02BA /* ColumnOrderer.h */ = {isa = PBXFileReference; lastKnownFileType = sourcecode.c.h; path = ColumnOrderer.h; sourceTree = "<group>"; };
		479E40AE1CBE14D9000C02BA /* ImmediateRowOrderer.h */ = {isa = PBXFileReference; lastKnownFileType = sourcecode.c.h; path = ImmediateRowOrderer.h; sourceTree = "<group>"; };
		47F167CD1CA4FC9E006409C2 /* PermDet */ = {isa = PBXFileReference; explicitFileType = "compiled.mach-o.executable"; includeInIndex = 0; path = PermDet; sourceTree = BUILT_PRODUCTS_DIR; };
		47F167D01CA4FC9E006409C2 /* main.cpp */ = {isa = PBXFileReference; lastKnownFileType = sourcecode.cpp.cpp; path = main.cpp; sourceTree = "<group>"; };
		47F167D71CA6485E006409C2 /* math_utils.h */ = {isa = PBXFileReference; lastKnownFileType = sourcecode.c.h; path = math_utils.h; sourceTree = "<group>"; };
/* End PBXFileReference section */

/* Begin PBXFrameworksBuildPhase section */
		47F167CA1CA4FC9E006409C2 /* Frameworks */ = {
			isa = PBXFrameworksBuildPhase;
			buildActionMask = 2147483647;
			files = (
			);
			runOnlyForDeploymentPostprocessing = 0;
		};
/* End PBXFrameworksBuildPhase section */

/* Begin PBXGroup section */
		47F167C41CA4FC9E006409C2 = {
			isa = PBXGroup;
			children = (
				47F167CF1CA4FC9E006409C2 /* PermDet */,
				47F167CE1CA4FC9E006409C2 /* Products */,
			);
			sourceTree = "<group>";
		};
		47F167CE1CA4FC9E006409C2 /* Products */ = {
			isa = PBXGroup;
			children = (
				47F167CD1CA4FC9E006409C2 /* PermDet */,
			);
			name = Products;
			sourceTree = "<group>";
		};
		47F167CF1CA4FC9E006409C2 /* PermDet */ = {
			isa = PBXGroup;
			children = (
				47F167D71CA6485E006409C2 /* math_utils.h */,
				479E40AA1CBC76A4000C02BA /* PartialPermutation.h */,
				479E40AB1CBC8123000C02BA /* RecursiveOffsetMap.h */,
				479E40AC1CBC816C000C02BA /* RecursiveMask.h */,
				479E40AE1CBE14D9000C02BA /* ImmediateRowOrderer.h */,
				479E40AD1CBCEAB1000C02BA /* ColumnOrderer.h */,
				479E40701CACE677000C02BA /* EngineFlatter.h */,
				47F167D01CA4FC9E006409C2 /* main.cpp */,
			);
			path = PermDet;
			sourceTree = "<group>";
		};
/* End PBXGroup section */

/* Begin PBXNativeTarget section */
		47F167CC1CA4FC9E006409C2 /* PermDet */ = {
			isa = PBXNativeTarget;
			buildConfigurationList = 47F167D41CA4FC9E006409C2 /* Build configuration list for PBXNativeTarget "PermDet" */;
			buildPhases = (
				47F167C91CA4FC9E006409C2 /* Sources */,
				47F167CA1CA4FC9E006409C2 /* Frameworks */,
				47F167CB1CA4FC9E006409C2 /* CopyFiles */,
			);
			buildRules = (
			);
			dependencies = (
			);
			name = PermDet;
			productName = PermDet;
			productReference = 47F167CD1CA4FC9E006409C2 /* PermDet */;
			productType = "com.apple.product-type.tool";
		};
/* End PBXNativeTarget section */

/* Begin PBXProject section */
		47F167C51CA4FC9E006409C2 /* Project object */ = {
			isa = PBXProject;
			attributes = {
				LastUpgradeCheck = 0720;
				ORGANIZATIONNAME = culter;
				TargetAttributes = {
					47F167CC1CA4FC9E006409C2 = {
						CreatedOnToolsVersion = 7.2;
					};
				};
			};
			buildConfigurationList = 47F167C81CA4FC9E006409C2 /* Build configuration list for PBXProject "PermDet" */;
			compatibilityVersion = "Xcode 3.2";
			developmentRegion = English;
			hasScannedForEncodings = 0;
			knownRegions = (
				en,
			);
			mainGroup = 47F167C41CA4FC9E006409C2;
			productRefGroup = 47F167CE1CA4FC9E006409C2 /* Products */;
			projectDirPath = "";
			projectRoot = "";
			targets = (
				47F167CC1CA4FC9E006409C2 /* PermDet */,
			);
		};
/* End PBXProject section */

/* Begin PBXSourcesBuildPhase section */
		47F167C91CA4FC9E006409C2 /* Sources */ = {
			isa = PBXSourcesBuildPhase;
			buildActionMask = 2147483647;
			files = (
				47F167D11CA4FC9E006409C2 /* main.cpp in Sources */,
			);
			runOnlyForDeploymentPostprocessing = 0;
		};
/* End PBXSourcesBuildPhase section */

/* Begin XCBuildConfiguration section */
		47F167D21CA4FC9E006409C2 /* Debug */ = {
			isa = XCBuildConfiguration;
			buildSettings = {
				ALWAYS_SEARCH_USER_PATHS = NO;
				CLANG_CXX_LANGUAGE_STANDARD = "gnu++0x";
				CLANG_CXX_LIBRARY = "libc++";
				CLANG_ENABLE_MODULES = YES;
				CLANG_ENABLE_OBJC_ARC = YES;
				CLANG_WARN_BOOL_CONVERSION = YES;
				CLANG_WARN_CONSTANT_CONVERSION = YES;
				CLANG_WARN_DIRECT_OBJC_ISA_USAGE = YES_ERROR;
				CLANG_WARN_EMPTY_BODY = YES;
				CLANG_WARN_ENUM_CONVERSION = YES;
				CLANG_WARN_INT_CONVERSION = YES;
				CLANG_WARN_OBJC_ROOT_CLASS = YES_ERROR;
				CLANG_WARN_UNREACHABLE_CODE = YES;
				CLANG_WARN__DUPLICATE_METHOD_MATCH = YES;
				CODE_SIGN_IDENTITY = "-";
				COPY_PHASE_STRIP = NO;
				DEBUG_INFORMATION_FORMAT = dwarf;
				ENABLE_STRICT_OBJC_MSGSEND = YES;
				ENABLE_TESTABILITY = YES;
				GCC_C_LANGUAGE_STANDARD = gnu99;
				GCC_DYNAMIC_NO_PIC = NO;
				GCC_NO_COMMON_BLOCKS = YES;
				GCC_OPTIMIZATION_LEVEL = 0;
				GCC_PREPROCESSOR_DEFINITIONS = (
					"DEBUG=1",
					"$(inherited)",
				);
				GCC_WARN_64_TO_32_BIT_CONVERSION = YES;
				GCC_WARN_ABOUT_RETURN_TYPE = YES_ERROR;
				GCC_WARN_UNDECLARED_SELECTOR = YES;
				GCC_WARN_UNINITIALIZED_AUTOS = YES_AGGRESSIVE;
				GCC_WARN_UNUSED_FUNCTION = YES;
				GCC_WARN_UNUSED_VARIABLE = YES;
				MACOSX_DEPLOYMENT_TARGET = 10.11;
				MTL_ENABLE_DEBUG_INFO = YES;
				ONLY_ACTIVE_ARCH = YES;
				SDKROOT = macosx;
			};
			name = Debug;
		};
		47F167D31CA4FC9E006409C2 /* Release */ = {
			isa = XCBuildConfiguration;
			buildSettings = {
				ALWAYS_SEARCH_USER_PATHS = NO;
				CLANG_CXX_LANGUAGE_STANDARD = "gnu++0x";
				CLANG_CXX_LIBRARY = "libc++";
				CLANG_ENABLE_MODULES = YES;
				CLANG_ENABLE_OBJC_ARC = YES;
				CLANG_WARN_BOOL_CONVERSION = YES;
				CLANG_WARN_CONSTANT_CONVERSION = YES;
				CLANG_WARN_DIRECT_OBJC_ISA_USAGE = YES_ERROR;
				CLANG_WARN_EMPTY_BODY = YES;
				CLANG_WARN_ENUM_CONVERSION = YES;
				CLANG_WARN_INT_CONVERSION = YES;
				CLANG_WARN_OBJC_ROOT_CLASS = YES_ERROR;
				CLANG_WARN_UNREACHABLE_CODE = YES;
				CLANG_WARN__DUPLICATE_METHOD_MATCH = YES;
				CODE_SIGN_IDENTITY = "-";
				COPY_PHASE_STRIP = NO;
				DEBUG_INFORMATION_FORMAT = "dwarf-with-dsym";
				ENABLE_NS_ASSERTIONS = NO;
				ENABLE_STRICT_OBJC_MSGSEND = YES;
				GCC_C_LANGUAGE_STANDARD = gnu99;
				GCC_NO_COMMON_BLOCKS = YES;
				GCC_WARN_64_TO_32_BIT_CONVERSION = YES;
				GCC_WARN_ABOUT_RETURN_TYPE = YES_ERROR;
				GCC_WARN_UNDECLARED_SELECTOR = YES;
				GCC_WARN_UNINITIALIZED_AUTOS = YES_AGGRESSIVE;
				GCC_WARN_UNUSED_FUNCTION = YES;
				GCC_WARN_UNUSED_VARIABLE = YES;
				MACOSX_DEPLOYMENT_TARGET = 10.11;
				MTL_ENABLE_DEBUG_INFO = NO;
				SDKROOT = macosx;
			};
			name = Release;
		};
		47F167D51CA4FC9E006409C2 /* Debug */ = {
			isa = XCBuildConfiguration;
			buildSettings = {
				PRODUCT_NAME = "$(TARGET_NAME)";
			};
			name = Debug;
		};
		47F167D61CA4FC9E006409C2 /* Release */ = {
			isa = XCBuildConfiguration;
			buildSettings = {
				CLANG_X86_VECTOR_INSTRUCTIONS = avx2;
				DEAD_CODE_STRIPPING = YES;
				GCC_UNROLL_LOOPS = YES;
				LLVM_LTO = YES;
				PRODUCT_NAME = "$(TARGET_NAME)";
			};
			name = Release;
		};
/* End XCBuildConfiguration section */

/* Begin XCConfigurationList section */
		47F167C81CA4FC9E006409C2 /* Build configuration list for PBXProject "PermDet" */ = {
			isa = XCConfigurationList;
			buildConfigurations = (
				47F167D21CA4FC9E006409C2 /* Debug */,
				47F167D31CA4FC9E006409C2 /* Release */,
			);
			defaultConfigurationIsVisible = 0;
			defaultConfigurationName = Release;
		};
		47F167D41CA4FC9E006409C2 /* Build configuration list for PBXNativeTarget "PermDet" */ = {
			isa = XCConfigurationList;
			buildConfigurations = (
				47F167D51CA4FC9E006409C2 /* Debug */,
				47F167D61CA4FC9E006409C2 /* Release */,
			);
			defaultConfigurationIsVisible = 0;
			defaultConfigurationName = Release;
		};
/* End XCConfigurationList section */
	};
	rootObject = 47F167C51CA4FC9E006409C2 /* Project object */;
}
